
Microsoft Visual Studio Solution File, Format Version 12.00
# Visual Studio 15
VisualStudioVersion = 15.0.28307.421
MinimumVisualStudioVersion = 10.0.40219.1
Project("{FAE04EC0-301F-11D3-BF4B-00C04F79EFBC}") = "Serial_Connection_Test", "Serial_Connection_Test\Serial_Connection_Test.csproj", "{652E4D3E-676F-4335-A413-DEE114787012}"
EndProject
Global
	GlobalSection(SolutionConfigurationPlatforms) = preSolution
		Debug|Any CPU = Debug|Any CPU
		Release|Any CPU = Release|Any CPU
	EndGlobalSection
	GlobalSection(ProjectConfigurationPlatforms) = postSolution
		{652E4D3E-676F-4335-A413-DEE114787012}.Debug|Any CPU.ActiveCfg = Debug|Any CPU
		{652E4D3E-676F-4335-A413-DEE114787012}.Debug|Any CPU.Build.0 = Debug|Any CPU
		{652E4D3E-676F-4335-A413-DEE114787012}.Release|Any CPU.ActiveCfg = Release|Any CPU
		{652E4D3E-676F-4335-A413-DEE114787012}.Release|Any CPU.Build.0 = Release|Any CPU
	EndGlobalSection
	GlobalSection(SolutionProperties) = preSolution
		HideSolutionNode = FALSE
	EndGlobalSection
	GlobalSection(ExtensibilityGlobals) = postSolution
		SolutionGuid = {4A826DA5-B4D7-405B-91BF-144172770F6C}
	EndGlobalSection
EndGlobal
